
Microsoft Visual Studio Solution File, Format Version 12.00
# Visual Studio 15
VisualStudioVersion = 15.0.28307.1259
MinimumVisualStudioVersion = 10.0.40219.1
Project("{8BC9CEB8-8B4A-11D0-8D11-00A0C91BC942}") = "6.33", "6.33\6.33.vcxproj", "{DD690DB2-1174-4B66-8ED5-035D14713A3F}"
EndProject
Global
	GlobalSection(SolutionConfigurationPlatforms) = preSolution
		Debug|x64 = Debug|x64
		Debug|x86 = Debug|x86
		Release|x64 = Release|x64
		Release|x86 = Release|x86
	EndGlobalSection
	GlobalSection(ProjectConfigurationPlatforms) = postSolution
		{DD690DB2-1174-4B66-8ED5-035D14713A3F}.Debug|x64.ActiveCfg = Debug|x64
		{DD690DB2-1174-4B66-8ED5-035D14713A3F}.Debug|x64.Build.0 = Debug|x64
		{DD690DB2-1174-4B66-8ED5-035D14713A3F}.Debug|x86.ActiveCfg = Debug|Win32
		{DD690DB2-1174-4B66-8ED5-035D14713A3F}.Debug|x86.Build.0 = Debug|Win32
		{DD690DB2-1174-4B66-8ED5-035D14713A3F}.Release|x64.ActiveCfg = Release|x64
		{DD690DB2-1174-4B66-8ED5-035D14713A3F}.Release|x64.Build.0 = Release|x64
		{DD690DB2-1174-4B66-8ED5-035D14713A3F}.Release|x86.ActiveCfg = Release|Win32
		{DD690DB2-1174-4B66-8ED5-035D14713A3F}.Release|x86.Build.0 = Release|Win32
	EndGlobalSection
	GlobalSection(SolutionProperties) = preSolution
		HideSolutionNode = FALSE
	EndGlobalSection
	GlobalSection(ExtensibilityGlobals) = postSolution
		SolutionGuid = {3C0CB97B-E752-4769-94E2-8D7001118B00}
	EndGlobalSection
EndGlobal
